
Microsoft Visual Studio Solution File, Format Version 12.00
# Visual Studio Version 17
VisualStudioVersion = 17.0.31903.59
MinimumVisualStudioVersion = 10.0.40219.1
Project("{FAE04EC0-301F-11D3-BF4B-00C04F79EFBC}") = "Catalog.Api", "Catalog.Api\Catalog.Api.csproj", "{D3809FA1-0BD1-480C-B05F-708D14F1A2E3}"
EndProject
Project("{FAE04EC0-301F-11D3-BF4B-00C04F79EFBC}") = "Catalog.UnitTests", "Catalog.UnitTests\Catalog.UnitTests.csproj", "{7D3DA06D-5131-4FE8-8BCF-9A9CCE841D82}"
EndProject
Global
	GlobalSection(SolutionConfigurationPlatforms) = preSolution
		Debug|Any CPU = Debug|Any CPU
		Release|Any CPU = Release|Any CPU
	EndGlobalSection
	GlobalSection(SolutionProperties) = preSolution
		HideSolutionNode = FALSE
	EndGlobalSection
	GlobalSection(ProjectConfigurationPlatforms) = postSolution
		{D3809FA1-0BD1-480C-B05F-708D14F1A2E3}.Debug|Any CPU.ActiveCfg = Debug|Any CPU
		{D3809FA1-0BD1-480C-B05F-708D14F1A2E3}.Debug|Any CPU.Build.0 = Debug|Any CPU
		{D3809FA1-0BD1-480C-B05F-708D14F1A2E3}.Release|Any CPU.ActiveCfg = Release|Any CPU
		{D3809FA1-0BD1-480C-B05F-708D14F1A2E3}.Release|Any CPU.Build.0 = Release|Any CPU
		{7D3DA06D-5131-4FE8-8BCF-9A9CCE841D82}.Debug|Any CPU.ActiveCfg = Debug|Any CPU
		{7D3DA06D-5131-4FE8-8BCF-9A9CCE841D82}.Debug|Any CPU.Build.0 = Debug|Any CPU
		{7D3DA06D-5131-4FE8-8BCF-9A9CCE841D82}.Release|Any CPU.ActiveCfg = Release|Any CPU
		{7D3DA06D-5131-4FE8-8BCF-9A9CCE841D82}.Release|Any CPU.Build.0 = Release|Any CPU
	EndGlobalSection
EndGlobal
